
Microsoft Visual Studio Solution File, Format Version 12.00
# Visual Studio Version 17
VisualStudioVersion = 17.11.35303.130
MinimumVisualStudioVersion = 10.0.40219.1
Project("{FAE04EC0-301F-11D3-BF4B-00C04F79EFBC}") = "Week4_CsvReader", "Week4_CsvReader\Week4_CsvReader.csproj", "{0B8E0123-2465-4A36-90DD-E664D3C3B07B}"
EndProject
Global
	GlobalSection(SolutionConfigurationPlatforms) = preSolution
		Debug|Any CPU = Debug|Any CPU
		Release|Any CPU = Release|Any CPU
	EndGlobalSection
	GlobalSection(ProjectConfigurationPlatforms) = postSolution
		{0B8E0123-2465-4A36-90DD-E664D3C3B07B}.Debug|Any CPU.ActiveCfg = Debug|Any CPU
		{0B8E0123-2465-4A36-90DD-E664D3C3B07B}.Debug|Any CPU.Build.0 = Debug|Any CPU
		{0B8E0123-2465-4A36-90DD-E664D3C3B07B}.Release|Any CPU.ActiveCfg = Release|Any CPU
		{0B8E0123-2465-4A36-90DD-E664D3C3B07B}.Release|Any CPU.Build.0 = Release|Any CPU
	EndGlobalSection
	GlobalSection(SolutionProperties) = preSolution
		HideSolutionNode = FALSE
	EndGlobalSection
	GlobalSection(ExtensibilityGlobals) = postSolution
		SolutionGuid = {B991A646-DE48-4285-912B-D65B042046EE}
	EndGlobalSection
EndGlobal
